
Microsoft Visual Studio Solution File, Format Version 12.00
# Visual Studio Version 16
VisualStudioVersion = 16.0.31515.178
MinimumVisualStudioVersion = 10.0.40219.1
Project("{9A19103F-16F7-4668-BE54-9A1E7A4F7556}") = "Client", "Client\Client.csproj", "{705DE083-2CCB-45E4-950A-85F10376C53F}"
EndProject
Project("{9A19103F-16F7-4668-BE54-9A1E7A4F7556}") = "Server", "Server\Server.csproj", "{2F652C44-C92B-4BB4-8EB3-130391C95157}"
EndProject
Project("{FAE04EC0-301F-11D3-BF4B-00C04F79EFBC}") = "Dto", "Dto\Dto.csproj", "{715B6A5F-51F0-4AE4-84D6-793A485ACD0E}"
EndProject
Global
	GlobalSection(SolutionConfigurationPlatforms) = preSolution
		Debug|Any CPU = Debug|Any CPU
		Release|Any CPU = Release|Any CPU
	EndGlobalSection
	GlobalSection(ProjectConfigurationPlatforms) = postSolution
		{705DE083-2CCB-45E4-950A-85F10376C53F}.Debug|Any CPU.ActiveCfg = Debug|Any CPU
		{705DE083-2CCB-45E4-950A-85F10376C53F}.Debug|Any CPU.Build.0 = Debug|Any CPU
		{705DE083-2CCB-45E4-950A-85F10376C53F}.Release|Any CPU.ActiveCfg = Release|Any CPU
		{705DE083-2CCB-45E4-950A-85F10376C53F}.Release|Any CPU.Build.0 = Release|Any CPU
		{2F652C44-C92B-4BB4-8EB3-130391C95157}.Debug|Any CPU.ActiveCfg = Debug|Any CPU
		{2F652C44-C92B-4BB4-8EB3-130391C95157}.Debug|Any CPU.Build.0 = Debug|Any CPU
		{2F652C44-C92B-4BB4-8EB3-130391C95157}.Release|Any CPU.ActiveCfg = Release|Any CPU
		{2F652C44-C92B-4BB4-8EB3-130391C95157}.Release|Any CPU.Build.0 = Release|Any CPU
		{715B6A5F-51F0-4AE4-84D6-793A485ACD0E}.Debug|Any CPU.ActiveCfg = Debug|Any CPU
		{715B6A5F-51F0-4AE4-84D6-793A485ACD0E}.Debug|Any CPU.Build.0 = Debug|Any CPU
		{715B6A5F-51F0-4AE4-84D6-793A485ACD0E}.Release|Any CPU.ActiveCfg = Release|Any CPU
		{715B6A5F-51F0-4AE4-84D6-793A485ACD0E}.Release|Any CPU.Build.0 = Release|Any CPU
	EndGlobalSection
	GlobalSection(SolutionProperties) = preSolution
		HideSolutionNode = FALSE
	EndGlobalSection
	GlobalSection(ExtensibilityGlobals) = postSolution
		SolutionGuid = {B7ABA28F-DE4C-4563-990F-B50EE9FDFFCC}
	EndGlobalSection
EndGlobal
